
Microsoft Visual Studio Solution File, Format Version 12.00
# Visual Studio Version 17
VisualStudioVersion = 17.0.32014.148
MinimumVisualStudioVersion = 10.0.40219.1
Project("{FAE04EC0-301F-11D3-BF4B-00C04F79EFBC}") = "Composite", "Composite\Composite.csproj", "{AE69030C-E805-4643-90C7-629FEBB7E9A0}"
EndProject
Global
	GlobalSection(SolutionConfigurationPlatforms) = preSolution
		Debug|Any CPU = Debug|Any CPU
		Release|Any CPU = Release|Any CPU
	EndGlobalSection
	GlobalSection(ProjectConfigurationPlatforms) = postSolution
		{AE69030C-E805-4643-90C7-629FEBB7E9A0}.Debug|Any CPU.ActiveCfg = Debug|Any CPU
		{AE69030C-E805-4643-90C7-629FEBB7E9A0}.Debug|Any CPU.Build.0 = Debug|Any CPU
		{AE69030C-E805-4643-90C7-629FEBB7E9A0}.Release|Any CPU.ActiveCfg = Release|Any CPU
		{AE69030C-E805-4643-90C7-629FEBB7E9A0}.Release|Any CPU.Build.0 = Release|Any CPU
	EndGlobalSection
	GlobalSection(SolutionProperties) = preSolution
		HideSolutionNode = FALSE
	EndGlobalSection
	GlobalSection(ExtensibilityGlobals) = postSolution
		SolutionGuid = {7B05C53F-651E-4267-9232-2D58058EC835}
	EndGlobalSection
EndGlobal
