
Microsoft Visual Studio Solution File, Format Version 12.00
# Visual Studio Version 17
VisualStudioVersion = 17.0.32014.148
MinimumVisualStudioVersion = 10.0.40219.1
Project("{FAE04EC0-301F-11D3-BF4B-00C04F79EFBC}") = "Singleton", "Singleton\Singleton.csproj", "{DCC4F076-36EC-43F2-A04B-A4796571A985}"
EndProject
Global
	GlobalSection(SolutionConfigurationPlatforms) = preSolution
		Debug|Any CPU = Debug|Any CPU
		Release|Any CPU = Release|Any CPU
	EndGlobalSection
	GlobalSection(ProjectConfigurationPlatforms) = postSolution
		{DCC4F076-36EC-43F2-A04B-A4796571A985}.Debug|Any CPU.ActiveCfg = Debug|Any CPU
		{DCC4F076-36EC-43F2-A04B-A4796571A985}.Debug|Any CPU.Build.0 = Debug|Any CPU
		{DCC4F076-36EC-43F2-A04B-A4796571A985}.Release|Any CPU.ActiveCfg = Release|Any CPU
		{DCC4F076-36EC-43F2-A04B-A4796571A985}.Release|Any CPU.Build.0 = Release|Any CPU
	EndGlobalSection
	GlobalSection(SolutionProperties) = preSolution
		HideSolutionNode = FALSE
	EndGlobalSection
	GlobalSection(ExtensibilityGlobals) = postSolution
		SolutionGuid = {D19CB97E-5070-4442-822E-EF6DE1E1FB69}
	EndGlobalSection
EndGlobal
