
Microsoft Visual Studio Solution File, Format Version 12.00
# Visual Studio Version 17
VisualStudioVersion = 17.0.32014.148
MinimumVisualStudioVersion = 10.0.40219.1
Project("{FAE04EC0-301F-11D3-BF4B-00C04F79EFBC}") = "Factory", "Factory\Factory.csproj", "{6DE073D7-6624-4E80-8D51-02251AAD7529}"
EndProject
Global
	GlobalSection(SolutionConfigurationPlatforms) = preSolution
		Debug|Any CPU = Debug|Any CPU
		Release|Any CPU = Release|Any CPU
	EndGlobalSection
	GlobalSection(ProjectConfigurationPlatforms) = postSolution
		{6DE073D7-6624-4E80-8D51-02251AAD7529}.Debug|Any CPU.ActiveCfg = Debug|Any CPU
		{6DE073D7-6624-4E80-8D51-02251AAD7529}.Debug|Any CPU.Build.0 = Debug|Any CPU
		{6DE073D7-6624-4E80-8D51-02251AAD7529}.Release|Any CPU.ActiveCfg = Release|Any CPU
		{6DE073D7-6624-4E80-8D51-02251AAD7529}.Release|Any CPU.Build.0 = Release|Any CPU
	EndGlobalSection
	GlobalSection(SolutionProperties) = preSolution
		HideSolutionNode = FALSE
	EndGlobalSection
	GlobalSection(ExtensibilityGlobals) = postSolution
		SolutionGuid = {CE0A0A89-352B-439A-9E3D-83ACE1CBBBEF}
	EndGlobalSection
EndGlobal
